
Microsoft Visual Studio Solution File, Format Version 12.00
# Visual Studio Version 16
VisualStudioVersion = 16.0.30114.105
MinimumVisualStudioVersion = 10.0.40219.1
Project("{9A19103F-16F7-4668-BE54-9A1E7A4F7556}") = "API", "API\API.csproj", "{E9681FB7-7F54-4280-A6F7-FA5EFE9328C0}"
EndProject
Project("{9A19103F-16F7-4668-BE54-9A1E7A4F7556}") = "Core", "Core\Core.csproj", "{AF3E6519-CB3D-4F7D-9623-7A5DD46B5257}"
EndProject
Project("{9A19103F-16F7-4668-BE54-9A1E7A4F7556}") = "Infrastructure", "Infrastructure\Infrastructure.csproj", "{C00A7AD1-96DF-4CA1-A075-FD6898406A23}"
EndProject
Global
	GlobalSection(SolutionConfigurationPlatforms) = preSolution
		Debug|Any CPU = Debug|Any CPU
		Debug|x64 = Debug|x64
		Debug|x86 = Debug|x86
		Release|Any CPU = Release|Any CPU
		Release|x64 = Release|x64
		Release|x86 = Release|x86
	EndGlobalSection
	GlobalSection(ProjectConfigurationPlatforms) = postSolution
		{E9681FB7-7F54-4280-A6F7-FA5EFE9328C0}.Debug|Any CPU.ActiveCfg = Debug|Any CPU
		{E9681FB7-7F54-4280-A6F7-FA5EFE9328C0}.Debug|Any CPU.Build.0 = Debug|Any CPU
		{E9681FB7-7F54-4280-A6F7-FA5EFE9328C0}.Debug|x64.ActiveCfg = Debug|Any CPU
		{E9681FB7-7F54-4280-A6F7-FA5EFE9328C0}.Debug|x64.Build.0 = Debug|Any CPU
		{E9681FB7-7F54-4280-A6F7-FA5EFE9328C0}.Debug|x86.ActiveCfg = Debug|Any CPU
		{E9681FB7-7F54-4280-A6F7-FA5EFE9328C0}.Debug|x86.Build.0 = Debug|Any CPU
		{E9681FB7-7F54-4280-A6F7-FA5EFE9328C0}.Release|Any CPU.ActiveCfg = Release|Any CPU
		{E9681FB7-7F54-4280-A6F7-FA5EFE9328C0}.Release|Any CPU.Build.0 = Release|Any CPU
		{E9681FB7-7F54-4280-A6F7-FA5EFE9328C0}.Release|x64.ActiveCfg = Release|Any CPU
		{E9681FB7-7F54-4280-A6F7-FA5EFE9328C0}.Release|x64.Build.0 = Release|Any CPU
		{E9681FB7-7F54-4280-A6F7-FA5EFE9328C0}.Release|x86.ActiveCfg = Release|Any CPU
		{E9681FB7-7F54-4280-A6F7-FA5EFE9328C0}.Release|x86.Build.0 = Release|Any CPU
		{AF3E6519-CB3D-4F7D-9623-7A5DD46B5257}.Debug|Any CPU.ActiveCfg = Debug|Any CPU
		{AF3E6519-CB3D-4F7D-9623-7A5DD46B5257}.Debug|Any CPU.Build.0 = Debug|Any CPU
		{AF3E6519-CB3D-4F7D-9623-7A5DD46B5257}.Debug|x64.ActiveCfg = Debug|Any CPU
		{AF3E6519-CB3D-4F7D-9623-7A5DD46B5257}.Debug|x64.Build.0 = Debug|Any CPU
		{AF3E6519-CB3D-4F7D-9623-7A5DD46B5257}.Debug|x86.ActiveCfg = Debug|Any CPU
		{AF3E6519-CB3D-4F7D-9623-7A5DD46B5257}.Debug|x86.Build.0 = Debug|Any CPU
		{AF3E6519-CB3D-4F7D-9623-7A5DD46B5257}.Release|Any CPU.ActiveCfg = Release|Any CPU
		{AF3E6519-CB3D-4F7D-9623-7A5DD46B5257}.Release|Any CPU.Build.0 = Release|Any CPU
		{AF3E6519-CB3D-4F7D-9623-7A5DD46B5257}.Release|x64.ActiveCfg = Release|Any CPU
		{AF3E6519-CB3D-4F7D-9623-7A5DD46B5257}.Release|x64.Build.0 = Release|Any CPU
		{AF3E6519-CB3D-4F7D-9623-7A5DD46B5257}.Release|x86.ActiveCfg = Release|Any CPU
		{AF3E6519-CB3D-4F7D-9623-7A5DD46B5257}.Release|x86.Build.0 = Release|Any CPU
		{C00A7AD1-96DF-4CA1-A075-FD6898406A23}.Debug|Any CPU.ActiveCfg = Debug|Any CPU
		{C00A7AD1-96DF-4CA1-A075-FD6898406A23}.Debug|Any CPU.Build.0 = Debug|Any CPU
		{C00A7AD1-96DF-4CA1-A075-FD6898406A23}.Debug|x64.ActiveCfg = Debug|Any CPU
		{C00A7AD1-96DF-4CA1-A075-FD6898406A23}.Debug|x64.Build.0 = Debug|Any CPU
		{C00A7AD1-96DF-4CA1-A075-FD6898406A23}.Debug|x86.ActiveCfg = Debug|Any CPU
		{C00A7AD1-96DF-4CA1-A075-FD6898406A23}.Debug|x86.Build.0 = Debug|Any CPU
		{C00A7AD1-96DF-4CA1-A075-FD6898406A23}.Release|Any CPU.ActiveCfg = Release|Any CPU
		{C00A7AD1-96DF-4CA1-A075-FD6898406A23}.Release|Any CPU.Build.0 = Release|Any CPU
		{C00A7AD1-96DF-4CA1-A075-FD6898406A23}.Release|x64.ActiveCfg = Release|Any CPU
		{C00A7AD1-96DF-4CA1-A075-FD6898406A23}.Release|x64.Build.0 = Release|Any CPU
		{C00A7AD1-96DF-4CA1-A075-FD6898406A23}.Release|x86.ActiveCfg = Release|Any CPU
		{C00A7AD1-96DF-4CA1-A075-FD6898406A23}.Release|x86.Build.0 = Release|Any CPU
	EndGlobalSection
	GlobalSection(SolutionProperties) = preSolution
		HideSolutionNode = FALSE
	EndGlobalSection
	GlobalSection(ExtensibilityGlobals) = postSolution
		SolutionGuid = {A97DF180-E35D-4290-9953-4510BA766BE4}
	EndGlobalSection
EndGlobal
